
Microsoft Visual Studio Solution File, Format Version 12.00
# Visual Studio Version 17
VisualStudioVersion = 17.14.36623.8
MinimumVisualStudioVersion = 10.0.40219.1
Project("{FAE04EC0-301F-11D3-BF4B-00C04F79EFBC}") = "StoryTimeline", "timeline\StoryTimeline.csproj", "{AD736B72-79BF-44B8-B755-767EEC7B71FE}"
EndProject
Project("{FAE04EC0-301F-11D3-BF4B-00C04F79EFBC}") = "StoryTimeline.Tests", "StoryTimeline.Tests\StoryTimeline.Tests.csproj", "{9F79CB42-D175-4E2A-9A31-9DC31F319785}"
EndProject
Global
	GlobalSection(SolutionConfigurationPlatforms) = preSolution
		Debug|Any CPU = Debug|Any CPU
		Release|Any CPU = Release|Any CPU
	EndGlobalSection
	GlobalSection(ProjectConfigurationPlatforms) = postSolution
		{AD736B72-79BF-44B8-B755-767EEC7B71FE}.Debug|Any CPU.ActiveCfg = Debug|Any CPU
		{AD736B72-79BF-44B8-B755-767EEC7B71FE}.Debug|Any CPU.Build.0 = Debug|Any CPU
		{AD736B72-79BF-44B8-B755-767EEC7B71FE}.Release|Any CPU.ActiveCfg = Release|Any CPU
		{AD736B72-79BF-44B8-B755-767EEC7B71FE}.Release|Any CPU.Build.0 = Release|Any CPU
		{9F79CB42-D175-4E2A-9A31-9DC31F319785}.Debug|Any CPU.ActiveCfg = Debug|Any CPU
		{9F79CB42-D175-4E2A-9A31-9DC31F319785}.Debug|Any CPU.Build.0 = Debug|Any CPU
		{9F79CB42-D175-4E2A-9A31-9DC31F319785}.Release|Any CPU.ActiveCfg = Release|Any CPU
		{9F79CB42-D175-4E2A-9A31-9DC31F319785}.Release|Any CPU.Build.0 = Release|Any CPU
	EndGlobalSection
	GlobalSection(SolutionProperties) = preSolution
		HideSolutionNode = FALSE
	EndGlobalSection
	GlobalSection(ExtensibilityGlobals) = postSolution
		SolutionGuid = {987AD29D-5DA9-4FED-99B8-1835DBDAF0B3}
	EndGlobalSection
EndGlobal
